// !$*UTF8*$!
{
	archiveVersion = 1;
	classes = {
	};
	objectVersion = 50;
	objects = {

/* Begin PBXBuildFile section */
		A3DBABC2228A92CE00FBC9ED /* AppDelegate.m in Sources */ = {isa = PBXBuildFile; fileRef = A3DBABC1228A92CE00FBC9ED /* AppDelegate.m */; };
		A3DBABC5228A92CE00FBC9ED /* ViewController.m in Sources */ = {isa = PBXBuildFile; fileRef = A3DBABC4228A92CE00FBC9ED /* ViewController.m */; };
		A3DBABC8228A92CE00FBC9ED /* Main.storyboard in Resources */ = {isa = PBXBuildFile; fileRef = A3DBABC6228A92CE00FBC9ED /* Main.storyboard */; };
		A3DBABCA228A92D100FBC9ED /* Assets.xcassets in Resources */ = {isa = PBXBuildFile; fileRef = A3DBABC9228A92D100FBC9ED /* Assets.xcassets */; };
		A3DBABCD228A92D100FBC9ED /* LaunchScreen.storyboard in Resources */ = {isa = PBXBuildFile; fileRef = A3DBABCB228A92D100FBC9ED /* LaunchScreen.storyboard */; };
		A3DBABD0228A92D100FBC9ED /* main.m in Sources */ = {isa = PBXBuildFile; fileRef = A3DBABCF228A92D100FBC9ED /* main.m */; };
		A3DBABDA228A92D100FBC9ED /* YoutubePlayerTests.m in Sources */ = {isa = PBXBuildFile; fileRef = A3DBABD9228A92D100FBC9ED /* YoutubePlayerTests.m */; };
		A3DBABE5228A92D100FBC9ED /* YoutubePlayerUITests.m in Sources */ = {isa = PBXBuildFile; fileRef = A3DBABE4228A92D100FBC9ED /* YoutubePlayerUITests.m */; };
/* End PBXBuildFile section */

/* Begin PBXContainerItemProxy section */
		A3DBABD6228A92D100FBC9ED /* PBXContainerItemProxy */ = {
			isa = PBXContainerItemProxy;
			containerPortal = A3DBABB5228A92CE00FBC9ED /* Project object */;
			proxyType = 1;
			remoteGlobalIDString = A3DBABBC228A92CE00FBC9ED;
			remoteInfo = YoutubePlayer;
		};
		A3DBABE1228A92D100FBC9ED /* PBXContainerItemProxy */ = {
			isa = PBXContainerItemProxy;
			containerPortal = A3DBABB5228A92CE00FBC9ED /* Project object */;
			proxyType = 1;
			remoteGlobalIDString = A3DBABBC228A92CE00FBC9ED;
			remoteInfo = YoutubePlayer;
		};
/* End PBXContainerItemProxy section */

/* Begin PBXFileReference section */
		A3DBABBD228A92CE00FBC9ED /* YoutubePlayer.app */ = {isa = PBXFileReference; explicitFileType = wrapper.application; includeInIndex = 0; path = YoutubePlayer.app; sourceTree = BUILT_PRODUCTS_DIR; };
		A3DBABC0228A92CE00FBC9ED /* AppDelegate.h */ = {isa = PBXFileReference; lastKnownFileType = sourcecode.c.h; path = AppDelegate.h; sourceTree = "<group>"; };
		A3DBABC1228A92CE00FBC9ED /* AppDelegate.m */ = {isa = PBXFileReference; lastKnownFileType = sourcecode.c.objc; path = AppDelegate.m; sourceTree = "<group>"; };
		A3DBABC3228A92CE00FBC9ED /* ViewController.h */ = {isa = PBXFileReference; lastKnownFileType = sourcecode.c.h; path = ViewController.h; sourceTree = "<group>"; };
		A3DBABC4228A92CE00FBC9ED /* ViewController.m */ = {isa = PBXFileReference; lastKnownFileType = sourcecode.c.objc; path = ViewController.m; sourceTree = "<group>"; };
		A3DBABC7228A92CE00FBC9ED /* Base */ = {isa = PBXFileReference; lastKnownFileType = file.storyboard; name = Base; path = Base.lproj/Main.storyboard; sourceTree = "<group>"; };
		A3DBABC9228A92D100FBC9ED /* Assets.xcassets */ = {isa = PBXFileReference; lastKnownFileType = folder.assetcatalog; path = Assets.xcassets; sourceTree = "<group>"; };
		A3DBABCC228A92D100FBC9ED /* Base */ = {isa = PBXFileReference; lastKnownFileType = file.storyboard; name = Base; path = Base.lproj/LaunchScreen.storyboard; sourceTree = "<group>"; };
		A3DBABCE228A92D100FBC9ED /* Info.plist */ = {isa = PBXFileReference; lastKnownFileType = text.plist.xml; path = Info.plist; sourceTree = "<group>"; };
		A3DBABCF228A92D100FBC9ED /* main.m */ = {isa = PBXFileReference; lastKnownFileType = sourcecode.c.objc; path = main.m; sourceTree = "<group>"; };
		A3DBABD5228A92D100FBC9ED /* YoutubePlayerTests.xctest */ = {isa = PBXFileReference; explicitFileType = wrapper.cfbundle; includeInIndex = 0; path = YoutubePlayerTests.xctest; sourceTree = BUILT_PRODUCTS_DIR; };
		A3DBABD9228A92D100FBC9ED /* YoutubePlayerTests.m */ = {isa = PBXFileReference; lastKnownFileType = sourcecode.c.objc; path = YoutubePlayerTests.m; sourceTree = "<group>"; };
		A3DBABDB228A92D100FBC9ED /* Info.plist */ = {isa = PBXFileReference; lastKnownFileType = text.plist.xml; path = Info.plist; sourceTree = "<group>"; };
		A3DBABE0228A92D100FBC9ED /* YoutubePlayerUITests.xctest */ = {isa = PBXFileReference; explicitFileType = wrapper.cfbundle; includeInIndex = 0; path = YoutubePlayerUITests.xctest; sourceTree = BUILT_PRODUCTS_DIR; };
		A3DBABE4228A92D100FBC9ED /* YoutubePlayerUITests.m */ = {isa = PBXFileReference; lastKnownFileType = sourcecode.c.objc; path = YoutubePlayerUITests.m; sourceTree = "<group>"; };
		A3DBABE6228A92D100FBC9ED /* Info.plist */ = {isa = PBXFileReference; lastKnownFileType = text.plist.xml; path = Info.plist; sourceTree = "<group>"; };
/* End PBXFileReference section */

/* Begin PBXFrameworksBuildPhase section */
		A3DBABBA228A92CE00FBC9ED /* Frameworks */ = {
			isa = PBXFrameworksBuildPhase;
			buildActionMask = 2147483647;
			files = (
			);
			runOnlyForDeploymentPostprocessing = 0;
		};
		A3DBABD2228A92D100FBC9ED /* Frameworks */ = {
			isa = PBXFrameworksBuildPhase;
			buildActionMask = 2147483647;
			files = (
			);
			runOnlyForDeploymentPostprocessing = 0;
		};
		A3DBABDD228A92D100FBC9ED /* Frameworks */ = {
			isa = PBXFrameworksBuildPhase;
			buildActionMask = 2147483647;
			files = (
			);
			runOnlyForDeploymentPostprocessing = 0;
		};
/* End PBXFrameworksBuildPhase section */

/* Begin PBXGroup section */
		A3DBABB4228A92CE00FBC9ED = {
			isa = PBXGroup;
			children = (
				A3DBABBF228A92CE00FBC9ED /* YoutubePlayer */,
				A3DBABD8228A92D100FBC9ED /* YoutubePlayerTests */,
				A3DBABE3228A92D100FBC9ED /* YoutubePlayerUITests */,
				A3DBABBE228A92CE00FBC9ED /* Products */,
			);
			sourceTree = "<group>";
		};
		A3DBABBE228A92CE00FBC9ED /* Products */ = {
			isa = PBXGroup;
			children = (
				A3DBABBD228A92CE00FBC9ED /* YoutubePlayer.app */,
				A3DBABD5228A92D100FBC9ED /* YoutubePlayerTests.xctest */,
				A3DBABE0228A92D100FBC9ED /* YoutubePlayerUITests.xctest */,
			);
			name = Products;
			sourceTree = "<group>";
		};
		A3DBABBF228A92CE00FBC9ED /* YoutubePlayer */ = {
			isa = PBXGroup;
			children = (
				A3DBABC0228A92CE00FBC9ED /* AppDelegate.h */,
				A3DBABC1228A92CE00FBC9ED /* AppDelegate.m */,
				A3DBABC3228A92CE00FBC9ED /* ViewController.h */,
				A3DBABC4228A92CE00FBC9ED /* ViewController.m */,
				A3DBABC6228A92CE00FBC9ED /* Main.storyboard */,
				A3DBABC9228A92D100FBC9ED /* Assets.xcassets */,
				A3DBABCB228A92D100FBC9ED /* LaunchScreen.storyboard */,
				A3DBABCE228A92D100FBC9ED /* Info.plist */,
				A3DBABCF228A92D100FBC9ED /* main.m */,
			);
			path = YoutubePlayer;
			sourceTree = "<group>";
		};
		A3DBABD8228A92D100FBC9ED /* YoutubePlayerTests */ = {
			isa = PBXGroup;
			children = (
				A3DBABD9228A92D100FBC9ED /* YoutubePlayerTests.m */,
				A3DBABDB228A92D100FBC9ED /* Info.plist */,
			);
			path = YoutubePlayerTests;
			sourceTree = "<group>";
		};
		A3DBABE3228A92D100FBC9ED /* YoutubePlayerUITests */ = {
			isa = PBXGroup;
			children = (
				A3DBABE4228A92D100FBC9ED /* YoutubePlayerUITests.m */,
				A3DBABE6228A92D100FBC9ED /* Info.plist */,
			);
			path = YoutubePlayerUITests;
			sourceTree = "<group>";
		};
/* End PBXGroup section */

/* Begin PBXNativeTarget section */
		A3DBABBC228A92CE00FBC9ED /* YoutubePlayer */ = {
			isa = PBXNativeTarget;
			buildConfigurationList = A3DBABE9228A92D100FBC9ED /* Build configuration list for PBXNativeTarget "YoutubePlayer" */;
			buildPhases = (
				A3DBABB9228A92CE00FBC9ED /* Sources */,
				A3DBABBA228A92CE00FBC9ED /* Frameworks */,
				A3DBABBB228A92CE00FBC9ED /* Resources */,
			);
			buildRules = (
			);
			dependencies = (
			);
			name = YoutubePlayer;
			productName = YoutubePlayer;
			productReference = A3DBABBD228A92CE00FBC9ED /* YoutubePlayer.app */;
			productType = "com.apple.product-type.application";
		};
		A3DBABD4228A92D100FBC9ED /* YoutubePlayerTests */ = {
			isa = PBXNativeTarget;
			buildConfigurationList = A3DBABEC228A92D100FBC9ED /* Build configuration list for PBXNativeTarget "YoutubePlayerTests" */;
			buildPhases = (
				A3DBABD1228A92D100FBC9ED /* Sources */,
				A3DBABD2228A92D100FBC9ED /* Frameworks */,
				A3DBABD3228A92D100FBC9ED /* Resources */,
			);
			buildRules = (
			);
			dependencies = (
				A3DBABD7228A92D100FBC9ED /* PBXTargetDependency */,
			);
			name = YoutubePlayerTests;
			productName = YoutubePlayerTests;
			productReference = A3DBABD5228A92D100FBC9ED /* YoutubePlayerTests.xctest */;
			productType = "com.apple.product-type.bundle.unit-test";
		};
		A3DBABDF228A92D100FBC9ED /* YoutubePlayerUITests */ = {
			isa = PBXNativeTarget;
			buildConfigurationList = A3DBABEF228A92D100FBC9ED /* Build configuration list for PBXNativeTarget "YoutubePlayerUITests" */;
			buildPhases = (
				A3DBABDC228A92D100FBC9ED /* Sources */,
				A3DBABDD228A92D100FBC9ED /* Frameworks */,
				A3DBABDE228A92D100FBC9ED /* Resources */,
			);
			buildRules = (
			);
			dependencies = (
				A3DBABE2228A92D100FBC9ED /* PBXTargetDependency */,
			);
			name = YoutubePlayerUITests;
			productName = YoutubePlayerUITests;
			productReference = A3DBABE0228A92D100FBC9ED /* YoutubePlayerUITests.xctest */;
			productType = "com.apple.product-type.bundle.ui-testing";
		};
/* End PBXNativeTarget section */

/* Begin PBXProject section */
		A3DBABB5228A92CE00FBC9ED /* Project object */ = {
			isa = PBXProject;
			attributes = {
				LastUpgradeCheck = 1010;
				ORGANIZATIONNAME = Simba;
				TargetAttributes = {
					A3DBABBC228A92CE00FBC9ED = {
						CreatedOnToolsVersion = 10.1;
					};
					A3DBABD4228A92D100FBC9ED = {
						CreatedOnToolsVersion = 10.1;
						TestTargetID = A3DBABBC228A92CE00FBC9ED;
					};
					A3DBABDF228A92D100FBC9ED = {
						CreatedOnToolsVersion = 10.1;
						TestTargetID = A3DBABBC228A92CE00FBC9ED;
					};
				};
			};
			buildConfigurationList = A3DBABB8228A92CE00FBC9ED /* Build configuration list for PBXProject "YoutubePlayer" */;
			compatibilityVersion = "Xcode 9.3";
			developmentRegion = en;
			hasScannedForEncodings = 0;
			knownRegions = (
				en,
				Base,
			);
			mainGroup = A3DBABB4228A92CE00FBC9ED;
			productRefGroup = A3DBABBE228A92CE00FBC9ED /* Products */;
			projectDirPath = "";
			projectRoot = "";
			targets = (
				A3DBABBC228A92CE00FBC9ED /* YoutubePlayer */,
				A3DBABD4228A92D100FBC9ED /* YoutubePlayerTests */,
				A3DBABDF228A92D100FBC9ED /* YoutubePlayerUITests */,
			);
		};
/* End PBXProject section */

/* Begin PBXResourcesBuildPhase section */
		A3DBABBB228A92CE00FBC9ED /* Resources */ = {
			isa = PBXResourcesBuildPhase;
			buildActionMask = 2147483647;
			files = (
				A3DBABCD228A92D100FBC9ED /* LaunchScreen.storyboard in Resources */,
				A3DBABCA228A92D100FBC9ED /* Assets.xcassets in Resources */,
				A3DBABC8228A92CE00FBC9ED /* Main.storyboard in Resources */,
			);
			runOnlyForDeploymentPostprocessing = 0;
		};
		A3DBABD3228A92D100FBC9ED /* Resources */ = {
			isa = PBXResourcesBuildPhase;
			buildActionMask = 2147483647;
			files = (
			);
			runOnlyForDeploymentPostprocessing = 0;
		};
		A3DBABDE228A92D100FBC9ED /* Resources */ = {
			isa = PBXResourcesBuildPhase;
			buildActionMask = 2147483647;
			files = (
			);
			runOnlyForDeploymentPostprocessing = 0;
		};
/* End PBXResourcesBuildPhase section */

/* Begin PBXSourcesBuildPhase section */
		A3DBABB9228A92CE00FBC9ED /* Sources */ = {
			isa = PBXSourcesBuildPhase;
			buildActionMask = 2147483647;
			files = (
				A3DBABC5228A92CE00FBC9ED /* ViewController.m in Sources */,
				A3DBABD0228A92D100FBC9ED /* main.m in Sources */,
				A3DBABC2228A92CE00FBC9ED /* AppDelegate.m in Sources */,
			);
			runOnlyForDeploymentPostprocessing = 0;
		};
		A3DBABD1228A92D100FBC9ED /* Sources */ = {
			isa = PBXSourcesBuildPhase;
			buildActionMask = 2147483647;
			files = (
				A3DBABDA228A92D100FBC9ED /* YoutubePlayerTests.m in Sources */,
			);
			runOnlyForDeploymentPostprocessing = 0;
		};
		A3DBABDC228A92D100FBC9ED /* Sources */ = {
			isa = PBXSourcesBuildPhase;
			buildActionMask = 2147483647;
			files = (
				A3DBABE5228A92D100FBC9ED /* YoutubePlayerUITests.m in Sources */,
			);
			runOnlyForDeploymentPostprocessing = 0;
		};
/* End PBXSourcesBuildPhase section */

/* Begin PBXTargetDependency section */
		A3DBABD7228A92D100FBC9ED /* PBXTargetDependency */ = {
			isa = PBXTargetDependency;
			target = A3DBABBC228A92CE00FBC9ED /* YoutubePlayer */;
			targetProxy = A3DBABD6228A92D100FBC9ED /* PBXContainerItemProxy */;
		};
		A3DBABE2228A92D100FBC9ED /* PBXTargetDependency */ = {
			isa = PBXTargetDependency;
			target = A3DBABBC228A92CE00FBC9ED /* YoutubePlayer */;
			targetProxy = A3DBABE1228A92D100FBC9ED /* PBXContainerItemProxy */;
		};
/* End PBXTargetDependency section */

/* Begin PBXVariantGroup section */
		A3DBABC6228A92CE00FBC9ED /* Main.storyboard */ = {
			isa = PBXVariantGroup;
			children = (
				A3DBABC7228A92CE00FBC9ED /* Base */,
			);
			name = Main.storyboard;
			sourceTree = "<group>";
		};
		A3DBABCB228A92D100FBC9ED /* LaunchScreen.storyboard */ = {
			isa = PBXVariantGroup;
			children = (
				A3DBABCC228A92D100FBC9ED /* Base */,
			);
			name = LaunchScreen.storyboard;
			sourceTree = "<group>";
		};
/* End PBXVariantGroup section */

/* Begin XCBuildConfiguration section */
		A3DBABE7228A92D100FBC9ED /* Debug */ = {
			isa = XCBuildConfiguration;
			buildSettings = {
				ALWAYS_SEARCH_USER_PATHS = NO;
				CLANG_ANALYZER_NONNULL = YES;
				CLANG_ANALYZER_NUMBER_OBJECT_CONVERSION = YES_AGGRESSIVE;
				CLANG_CXX_LANGUAGE_STANDARD = "gnu++14";
				CLANG_CXX_LIBRARY = "libc++";
				CLANG_ENABLE_MODULES = YES;
				CLANG_ENABLE_OBJC_ARC = YES;
				CLANG_ENABLE_OBJC_WEAK = YES;
				CLANG_WARN_BLOCK_CAPTURE_AUTORELEASING = YES;
				CLANG_WARN_BOOL_CONVERSION = YES;
				CLANG_WARN_COMMA = YES;
				CLANG_WARN_CONSTANT_CONVERSION = YES;
				CLANG_WARN_DEPRECATED_OBJC_IMPLEMENTATIONS = YES;
				CLANG_WARN_DIRECT_OBJC_ISA_USAGE = YES_ERROR;
				CLANG_WARN_DOCUMENTATION_COMMENTS = YES;
				CLANG_WARN_EMPTY_BODY = YES;
				CLANG_WARN_ENUM_CONVERSION = YES;
				CLANG_WARN_INFINITE_RECURSION = YES;
				CLANG_WARN_INT_CONVERSION = YES;
				CLANG_WARN_NON_LITERAL_NULL_CONVERSION = YES;
				CLANG_WARN_OBJC_IMPLICIT_RETAIN_SELF = YES;
				CLANG_WARN_OBJC_LITERAL_CONVERSION = YES;
				CLANG_WARN_OBJC_ROOT_CLASS = YES_ERROR;
				CLANG_WARN_RANGE_LOOP_ANALYSIS = YES;
				CLANG_WARN_STRICT_PROTOTYPES = YES;
				CLANG_WARN_SUSPICIOUS_MOVE = YES;
				CLANG_WARN_UNGUARDED_AVAILABILITY = YES_AGGRESSIVE;
				CLANG_WARN_UNREACHABLE_CODE = YES;
				CLANG_WARN__DUPLICATE_METHOD_MATCH = YES;
				CODE_SIGN_IDENTITY = "iPhone Developer";
				COPY_PHASE_STRIP = NO;
				DEBUG_INFORMATION_FORMAT = dwarf;
				ENABLE_STRICT_OBJC_MSGSEND = YES;
				ENABLE_TESTABILITY = YES;
				GCC_C_LANGUAGE_STANDARD = gnu11;
				GCC_DYNAMIC_NO_PIC = NO;
				GCC_NO_COMMON_BLOCKS = YES;
				GCC_OPTIMIZATION_LEVEL = 0;
				GCC_PREPROCESSOR_DEFINITIONS = (
					"DEBUG=1",
					"$(inherited)",
				);
				GCC_WARN_64_TO_32_BIT_CONVERSION = YES;
				GCC_WARN_ABOUT_RETURN_TYPE = YES_ERROR;
				GCC_WARN_UNDECLARED_SELECTOR = YES;
				GCC_WARN_UNINITIALIZED_AUTOS = YES_AGGRESSIVE;
				GCC_WARN_UNUSED_FUNCTION = YES;
				GCC_WARN_UNUSED_VARIABLE = YES;
				IPHONEOS_DEPLOYMENT_TARGET = 12.1;
				MTL_ENABLE_DEBUG_INFO = INCLUDE_SOURCE;
				MTL_FAST_MATH = YES;
				ONLY_ACTIVE_ARCH = YES;
				SDKROOT = iphoneos;
			};
			name = Debug;
		};
		A3DBABE8228A92D100FBC9ED /* Release */ = {
			isa = XCBuildConfiguration;
			buildSettings = {
				ALWAYS_SEARCH_USER_PATHS = NO;
				CLANG_ANALYZER_NONNULL = YES;
				CLANG_ANALYZER_NUMBER_OBJECT_CONVERSION = YES_AGGRESSIVE;
				CLANG_CXX_LANGUAGE_STANDARD = "gnu++14";
				CLANG_CXX_LIBRARY = "libc++";
				CLANG_ENABLE_MODULES = YES;
				CLANG_ENABLE_OBJC_ARC = YES;
				CLANG_ENABLE_OBJC_WEAK = YES;
				CLANG_WARN_BLOCK_CAPTURE_AUTORELEASING = YES;
				CLANG_WARN_BOOL_CONVERSION = YES;
				CLANG_WARN_COMMA = YES;
				CLANG_WARN_CONSTANT_CONVERSION = YES;
				CLANG_WARN_DEPRECATED_OBJC_IMPLEMENTATIONS = YES;
				CLANG_WARN_DIRECT_OBJC_ISA_USAGE = YES_ERROR;
				CLANG_WARN_DOCUMENTATION_COMMENTS = YES;
				CLANG_WARN_EMPTY_BODY = YES;
				CLANG_WARN_ENUM_CONVERSION = YES;
				CLANG_WARN_INFINITE_RECURSION = YES;
				CLANG_WARN_INT_CONVERSION = YES;
				CLANG_WARN_NON_LITERAL_NULL_CONVERSION = YES;
				CLANG_WARN_OBJC_IMPLICIT_RETAIN_SELF = YES;
				CLANG_WARN_OBJC_LITERAL_CONVERSION = YES;
				CLANG_WARN_OBJC_ROOT_CLASS = YES_ERROR;
				CLANG_WARN_RANGE_LOOP_ANALYSIS = YES;
				CLANG_WARN_STRICT_PROTOTYPES = YES;
				CLANG_WARN_SUSPICIOUS_MOVE = YES;
				CLANG_WARN_UNGUARDED_AVAILABILITY = YES_AGGRESSIVE;
				CLANG_WARN_UNREACHABLE_CODE = YES;
				CLANG_WARN__DUPLICATE_METHOD_MATCH = YES;
				CODE_SIGN_IDENTITY = "iPhone Developer";
				COPY_PHASE_STRIP = NO;
				DEBUG_INFORMATION_FORMAT = "dwarf-with-dsym";
				ENABLE_NS_ASSERTIONS = NO;
				ENABLE_STRICT_OBJC_MSGSEND = YES;
				GCC_C_LANGUAGE_STANDARD = gnu11;
				GCC_NO_COMMON_BLOCKS = YES;
				GCC_WARN_64_TO_32_BIT_CONVERSION = YES;
				GCC_WARN_ABOUT_RETURN_TYPE = YES_ERROR;
				GCC_WARN_UNDECLARED_SELECTOR = YES;
				GCC_WARN_UNINITIALIZED_AUTOS = YES_AGGRESSIVE;
				GCC_WARN_UNUSED_FUNCTION = YES;
				GCC_WARN_UNUSED_VARIABLE = YES;
				IPHONEOS_DEPLOYMENT_TARGET = 12.1;
				MTL_ENABLE_DEBUG_INFO = NO;
				MTL_FAST_MATH = YES;
				SDKROOT = iphoneos;
				VALIDATE_PRODUCT = YES;
			};
			name = Release;
		};
		A3DBABEA228A92D100FBC9ED /* Debug */ = {
			isa = XCBuildConfiguration;
			buildSettings = {
				ASSETCATALOG_COMPILER_APPICON_NAME = AppIcon;
				CODE_SIGN_STYLE = Automatic;
				DEVELOPMENT_TEAM = HK26G555BW;
				INFOPLIST_FILE = YoutubePlayer/Info.plist;
				IPHONEOS_DEPLOYMENT_TARGET = 10.3;
				LD_RUNPATH_SEARCH_PATHS = (
					"$(inherited)",
					"@executable_path/Frameworks",
				);
				PRODUCT_BUNDLE_IDENTIFIER = itdev.YoutubePlayer;
				PRODUCT_NAME = "$(TARGET_NAME)";
				TARGETED_DEVICE_FAMILY = "1,2";
			};
			name = Debug;
		};
		A3DBABEB228A92D100FBC9ED /* Release */ = {
			isa = XCBuildConfiguration;
			buildSettings = {
				ASSETCATALOG_COMPILER_APPICON_NAME = AppIcon;
				CODE_SIGN_STYLE = Automatic;
				DEVELOPMENT_TEAM = HK26G555BW;
				INFOPLIST_FILE = YoutubePlayer/Info.plist;
				IPHONEOS_DEPLOYMENT_TARGET = 10.3;
				LD_RUNPATH_SEARCH_PATHS = (
					"$(inherited)",
					"@executable_path/Frameworks",
				);
				PRODUCT_BUNDLE_IDENTIFIER = itdev.YoutubePlayer;
				PRODUCT_NAME = "$(TARGET_NAME)";
				TARGETED_DEVICE_FAMILY = "1,2";
			};
			name = Release;
		};
		A3DBABED228A92D100FBC9ED /* Debug */ = {
			isa = XCBuildConfiguration;
			buildSettings = {
				BUNDLE_LOADER = "$(TEST_HOST)";
				CODE_SIGN_STYLE = Automatic;
				INFOPLIST_FILE = YoutubePlayerTests/Info.plist;
				LD_RUNPATH_SEARCH_PATHS = (
					"$(inherited)",
					"@executable_path/Frameworks",
					"@loader_path/Frameworks",
				);
				PRODUCT_BUNDLE_IDENTIFIER = itdev.YoutubePlayerTests;
				PRODUCT_NAME = "$(TARGET_NAME)";
				TARGETED_DEVICE_FAMILY = "1,2";
				TEST_HOST = "$(BUILT_PRODUCTS_DIR)/YoutubePlayer.app/YoutubePlayer";
			};
			name = Debug;
		};
		A3DBABEE228A92D100FBC9ED /* Release */ = {
			isa = XCBuildConfiguration;
			buildSettings = {
				BUNDLE_LOADER = "$(TEST_HOST)";
				CODE_SIGN_STYLE = Automatic;
				INFOPLIST_FILE = YoutubePlayerTests/Info.plist;
				LD_RUNPATH_SEARCH_PATHS = (
					"$(inherited)",
					"@executable_path/Frameworks",
					"@loader_path/Frameworks",
				);
				PRODUCT_BUNDLE_IDENTIFIER = itdev.YoutubePlayerTests;
				PRODUCT_NAME = "$(TARGET_NAME)";
				TARGETED_DEVICE_FAMILY = "1,2";
				TEST_HOST = "$(BUILT_PRODUCTS_DIR)/YoutubePlayer.app/YoutubePlayer";
			};
			name = Release;
		};
		A3DBABF0228A92D100FBC9ED /* Debug */ = {
			isa = XCBuildConfiguration;
			buildSettings = {
				CODE_SIGN_STYLE = Automatic;
				INFOPLIST_FILE = YoutubePlayerUITests/Info.plist;
				LD_RUNPATH_SEARCH_PATHS = (
					"$(inherited)",
					"@executable_path/Frameworks",
					"@loader_path/Frameworks",
				);
				PRODUCT_BUNDLE_IDENTIFIER = itdev.YoutubePlayerUITests;
				PRODUCT_NAME = "$(TARGET_NAME)";
				TARGETED_DEVICE_FAMILY = "1,2";
				TEST_TARGET_NAME = YoutubePlayer;
			};
			name = Debug;
		};
		A3DBABF1228A92D100FBC9ED /* Release */ = {
			isa = XCBuildConfiguration;
			buildSettings = {
				CODE_SIGN_STYLE = Automatic;
				INFOPLIST_FILE = YoutubePlayerUITests/Info.plist;
				LD_RUNPATH_SEARCH_PATHS = (
					"$(inherited)",
					"@executable_path/Frameworks",
					"@loader_path/Frameworks",
				);
				PRODUCT_BUNDLE_IDENTIFIER = itdev.YoutubePlayerUITests;
				PRODUCT_NAME = "$(TARGET_NAME)";
				TARGETED_DEVICE_FAMILY = "1,2";
				TEST_TARGET_NAME = YoutubePlayer;
			};
			name = Release;
		};
/* End XCBuildConfiguration section */

/* Begin XCConfigurationList section */
		A3DBABB8228A92CE00FBC9ED /* Build configuration list for PBXProject "YoutubePlayer" */ = {
			isa = XCConfigurationList;
			buildConfigurations = (
				A3DBABE7228A92D100FBC9ED /* Debug */,
				A3DBABE8228A92D100FBC9ED /* Release */,
			);
			defaultConfigurationIsVisible = 0;
			defaultConfigurationName = Release;
		};
		A3DBABE9228A92D100FBC9ED /* Build configuration list for PBXNativeTarget "YoutubePlayer" */ = {
			isa = XCConfigurationList;
			buildConfigurations = (
				A3DBABEA228A92D100FBC9ED /* Debug */,
				A3DBABEB228A92D100FBC9ED /* Release */,
			);
			defaultConfigurationIsVisible = 0;
			defaultConfigurationName = Release;
		};
		A3DBABEC228A92D100FBC9ED /* Build configuration list for PBXNativeTarget "YoutubePlayerTests" */ = {
			isa = XCConfigurationList;
			buildConfigurations = (
				A3DBABED228A92D100FBC9ED /* Debug */,
				A3DBABEE228A92D100FBC9ED /* Release */,
			);
			defaultConfigurationIsVisible = 0;
			defaultConfigurationName = Release;
		};
		A3DBABEF228A92D100FBC9ED /* Build configuration list for PBXNativeTarget "YoutubePlayerUITests" */ = {
			isa = XCConfigurationList;
			buildConfigurations = (
				A3DBABF0228A92D100FBC9ED /* Debug */,
				A3DBABF1228A92D100FBC9ED /* Release */,
			);
			defaultConfigurationIsVisible = 0;
			defaultConfigurationName = Release;
		};
/* End XCConfigurationList section */
	};
	rootObject = A3DBABB5228A92CE00FBC9ED /* Project object */;
}
